PODS:
  - HYToolKit (0.1.0):
    - Kingfisher (~> 5.2.0)
    - MBProgressHUD (~> 1.1.0)
  - Kingfisher (5.2.0)
  - MBProgressHUD (1.1.0)

DEPENDENCIES:
  - HYToolKit (from `../`)

SPEC REPOS:
  trunk:
    - Kingfisher
    - MBProgressHUD

EXTERNAL SOURCES:
  HYToolKit:
    :path: "../"

SPEC CHECKSUMS:
  HYToolKit: 6609133bd526cde02b6960d9490ed0ec52941d12
  Kingfisher: 07067cfacf371117330dceb4b4b8f5c4b691ab42
  MBProgressHUD: e7baa36a220447d8aeb12769bf0585582f3866d9

PODFILE CHECKSUM: c1557b7f4134f2b5f775e69cbff218005fdc3e2a

COCOAPODS: 1.8.4
